// !$*UTF8*$!
{
	archiveVersion = 1;
	classes = {
	};
	objectVersion = 46;
	objects = {

/* Begin PBXBuildFile section */
		191C6DFD1F41199F000CEB72 /* AddChannelVC.swift in Sources */ = {isa = PBXBuildFile; fileRef = 191C6DFB1F41199F000CEB72 /* AddChannelVC.swift */; };
		191C6DFE1F41199F000CEB72 /* AddChannelVC.xib in Resources */ = {isa = PBXBuildFile; fileRef = 191C6DFC1F41199F000CEB72 /* AddChannelVC.xib */; };
		191C6E001F4122B2000CEB72 /* SocketService.swift in Sources */ = {isa = PBXBuildFile; fileRef = 191C6DFF1F4122B2000CEB72 /* SocketService.swift */; };
		191C6E021F414A84000CEB72 /* Message.swift in Sources */ = {isa = PBXBuildFile; fileRef = 191C6E011F414A84000CEB72 /* Message.swift */; };
		191C6E041F4156EC000CEB72 /* KeyboardBoundView.swift in Sources */ = {isa = PBXBuildFile; fileRef = 191C6E031F4156EC000CEB72 /* KeyboardBoundView.swift */; };
		192603321F2EF12200DA9556 /* AppDelegate.swift in Sources */ = {isa = PBXBuildFile; fileRef = 192603311F2EF12200DA9556 /* AppDelegate.swift */; };
		192603371F2EF12200DA9556 /* Main.storyboard in Resources */ = {isa = PBXBuildFile; fileRef = 192603351F2EF12200DA9556 /* Main.storyboard */; };
		192603391F2EF12200DA9556 /* Assets.xcassets in Resources */ = {isa = PBXBuildFile; fileRef = 192603381F2EF12200DA9556 /* Assets.xcassets */; };
		1926033C1F2EF12200DA9556 /* LaunchScreen.storyboard in Resources */ = {isa = PBXBuildFile; fileRef = 1926033A1F2EF12200DA9556 /* LaunchScreen.storyboard */; };
		19386CC51F31575100D6FC51 /* GradientView.swift in Sources */ = {isa = PBXBuildFile; fileRef = 19386CC41F31575100D6FC51 /* GradientView.swift */; };
		19386CC81F316AC100D6FC51 /* Constants.swift in Sources */ = {isa = PBXBuildFile; fileRef = 19386CC71F316AC100D6FC51 /* Constants.swift */; };
		19386CCA1F31705300D6FC51 /* LoginVC.swift in Sources */ = {isa = PBXBuildFile; fileRef = 19386CC91F31705300D6FC51 /* LoginVC.swift */; };
		19386CCC1F31725000D6FC51 /* CreateAccountVC.swift in Sources */ = {isa = PBXBuildFile; fileRef = 19386CCB1F31725000D6FC51 /* CreateAccountVC.swift */; };
		193A0FEB1F3D3F960099EE81 /* MessageService.swift in Sources */ = {isa = PBXBuildFile; fileRef = 193A0FEA1F3D3F960099EE81 /* MessageService.swift */; };
		193A0FEE1F3D3FE80099EE81 /* Channel.swift in Sources */ = {isa = PBXBuildFile; fileRef = 193A0FED1F3D3FE80099EE81 /* Channel.swift */; };
		193A0FF01F3D4B670099EE81 /* ChannelCell.swift in Sources */ = {isa = PBXBuildFile; fileRef = 193A0FEF1F3D4B670099EE81 /* ChannelCell.swift */; };
		193FA72A1F302F0200C6BCA6 /* ChatVC.swift in Sources */ = {isa = PBXBuildFile; fileRef = 193FA7291F302F0200C6BCA6 /* ChatVC.swift */; };
		193FA72C1F302F1800C6BCA6 /* ChannelVC.swift in Sources */ = {isa = PBXBuildFile; fileRef = 193FA72B1F302F1800C6BCA6 /* ChannelVC.swift */; };
		198CE4631F2EFEAC003BF487 /* SWRevealViewController.m in Sources */ = {isa = PBXBuildFile; fileRef = 198CE4621F2EFEAC003BF487 /* SWRevealViewController.m */; };
		19B53A2A1F3AA7EF008CBA69 /* ProfileVC.swift in Sources */ = {isa = PBXBuildFile; fileRef = 19B53A281F3AA7EF008CBA69 /* ProfileVC.swift */; };
		19B53A2B1F3AA7EF008CBA69 /* ProfileVC.xib in Resources */ = {isa = PBXBuildFile; fileRef = 19B53A291F3AA7EF008CBA69 /* ProfileVC.xib */; };
		19CE46BD1F353A6600D8CCF3 /* UserDataService.swift in Sources */ = {isa = PBXBuildFile; fileRef = 19CE46BC1F353A6600D8CCF3 /* UserDataService.swift */; };
		19CE46BF1F3552FC00D8CCF3 /* AvatarPickerVC.swift in Sources */ = {isa = PBXBuildFile; fileRef = 19CE46BE1F3552FC00D8CCF3 /* AvatarPickerVC.swift */; };
		19CE46C11F3556F300D8CCF3 /* AvatarCell.swift in Sources */ = {isa = PBXBuildFile; fileRef = 19CE46C01F3556F300D8CCF3 /* AvatarCell.swift */; };
		19CE46C31F35680900D8CCF3 /* CirlceImage.swift in Sources */ = {isa = PBXBuildFile; fileRef = 19CE46C21F35680900D8CCF3 /* CirlceImage.swift */; };
		19E19AB01F33FFD400A2A2B8 /* AuthService.swift in Sources */ = {isa = PBXBuildFile; fileRef = 19E19AAF1F33FFD400A2A2B8 /* AuthService.swift */; };
		19E19AB21F3413A700A2A2B8 /* RoundedButton.swift in Sources */ = {isa = PBXBuildFile; fileRef = 19E19AB11F3413A700A2A2B8 /* RoundedButton.swift */; };
		19E42BAF1F4272CB00CE4203 /* MessageCell.swift in Sources */ = {isa = PBXBuildFile; fileRef = 19E42BAE1F4272CB00CE4203 /* MessageCell.swift */; };
		55E2F519D80F813833734088 /* Pods_Smack.framework in Frameworks */ = {isa = PBXBuildFile; fileRef = 8219B07377F341FA2B2EF1B4 /* Pods_Smack.framework */; };
/* End PBXBuildFile section */

/* Begin PBXFileReference section */
		04F3A68831C1E4ED692CE410 /* Pods-Smack.release.xcconfig */ = {isa = PBXFileReference; includeInIndex = 1; lastKnownFileType = text.xcconfig; name = "Pods-Smack.release.xcconfig"; path = "Pods/Target Support Files/Pods-Smack/Pods-Smack.release.xcconfig"; sourceTree = "<group>"; };
		191C6DFB1F41199F000CEB72 /* AddChannelVC.swift */ = {isa = PBXFileReference; fileEncoding = 4; lastKnownFileType = sourcecode.swift; path = AddChannelVC.swift; sourceTree = "<group>"; };
		191C6DFC1F41199F000CEB72 /* AddChannelVC.xib */ = {isa = PBXFileReference; fileEncoding = 4; lastKnownFileType = file.xib; path = AddChannelVC.xib; sourceTree = "<group>"; };
		191C6DFF1F4122B2000CEB72 /* SocketService.swift */ = {isa = PBXFileReference; fileEncoding = 4; lastKnownFileType = sourcecode.swift; path = SocketService.swift; sourceTree = "<group>"; };
		191C6E011F414A84000CEB72 /* Message.swift */ = {isa = PBXFileReference; fileEncoding = 4; lastKnownFileType = sourcecode.swift; path = Message.swift; sourceTree = "<group>"; };
		191C6E031F4156EC000CEB72 /* KeyboardBoundView.swift */ = {isa = PBXFileReference; fileEncoding = 4; lastKnownFileType = sourcecode.swift; path = KeyboardBoundView.swift; sourceTree = "<group>"; };
		1926032E1F2EF12200DA9556 /* Smack.app */ = {isa = PBXFileReference; explicitFileType = wrapper.application; includeInIndex = 0; path = Smack.app; sourceTree = BUILT_PRODUCTS_DIR; };
		192603311F2EF12200DA9556 /* AppDelegate.swift */ = {isa = PBXFileReference; lastKnownFileType = sourcecode.swift; path = AppDelegate.swift; sourceTree = "<group>"; };
		192603361F2EF12200DA9556 /* Base */ = {isa = PBXFileReference; lastKnownFileType = file.storyboard; name = Base; path = Base.lproj/Main.storyboard; sourceTree = "<group>"; };
		192603381F2EF12200DA9556 /* Assets.xcassets */ = {isa = PBXFileReference; lastKnownFileType = folder.assetcatalog; path = Assets.xcassets; sourceTree = "<group>"; };
		1926033B1F2EF12200DA9556 /* Base */ = {isa = PBXFileReference; lastKnownFileType = file.storyboard; name = Base; path = Base.lproj/LaunchScreen.storyboard; sourceTree = "<group>"; };
		1926033D1F2EF12200DA9556 /* Info.plist */ = {isa = PBXFileReference; lastKnownFileType = text.plist.xml; path = Info.plist; sourceTree = "<group>"; };
		19386CC41F31575100D6FC51 /* GradientView.swift */ = {isa = PBXFileReference; fileEncoding = 4; lastKnownFileType = sourcecode.swift; path = GradientView.swift; sourceTree = "<group>"; };
		19386CC71F316AC100D6FC51 /* Constants.swift */ = {isa = PBXFileReference; fileEncoding = 4; lastKnownFileType = sourcecode.swift; path = Constants.swift; sourceTree = "<group>"; };
		19386CC91F31705300D6FC51 /* LoginVC.swift */ = {isa = PBXFileReference; fileEncoding = 4; lastKnownFileType = sourcecode.swift; path = LoginVC.swift; sourceTree = "<group>"; };
		19386CCB1F31725000D6FC51 /* CreateAccountVC.swift */ = {isa = PBXFileReference; fileEncoding = 4; lastKnownFileType = sourcecode.swift; path = CreateAccountVC.swift; sourceTree = "<group>"; };
		193A0FEA1F3D3F960099EE81 /* MessageService.swift */ = {isa = PBXFileReference; fileEncoding = 4; lastKnownFileType = sourcecode.swift; path = MessageService.swift; sourceTree = "<group>"; };
		193A0FED1F3D3FE80099EE81 /* Channel.swift */ = {isa = PBXFileReference; fileEncoding = 4; lastKnownFileType = sourcecode.swift; path = Channel.swift; sourceTree = "<group>"; };
		193A0FEF1F3D4B670099EE81 /* ChannelCell.swift */ = {isa = PBXFileReference; fileEncoding = 4; lastKnownFileType = sourcecode.swift; path = ChannelCell.swift; sourceTree = "<group>"; };
		193FA7291F302F0200C6BCA6 /* ChatVC.swift */ = {isa = PBXFileReference; fileEncoding = 4; lastKnownFileType = sourcecode.swift; path = ChatVC.swift; sourceTree = "<group>"; };
		193FA72B1F302F1800C6BCA6 /* ChannelVC.swift */ = {isa = PBXFileReference; fileEncoding = 4; lastKnownFileType = sourcecode.swift; path = ChannelVC.swift; sourceTree = "<group>"; };
		198CE4601F2EFEAB003BF487 /* Smack-Bridging-Header.h */ = {isa = PBXFileReference; lastKnownFileType = sourcecode.c.h; path = "Smack-Bridging-Header.h"; sourceTree = "<group>"; };
		198CE4611F2EFEAC003BF487 /* SWRevealViewController.h */ = {isa = PBXFileReference; fileEncoding = 4; lastKnownFileType = sourcecode.c.h; path = SWRevealViewController.h; sourceTree = "<group>"; };
		198CE4621F2EFEAC003BF487 /* SWRevealViewController.m */ = {isa = PBXFileReference; fileEncoding = 4; lastKnownFileType = sourcecode.c.objc; path = SWRevealViewController.m; sourceTree = "<group>"; };
		19B53A281F3AA7EF008CBA69 /* ProfileVC.swift */ = {isa = PBXFileReference; fileEncoding = 4; lastKnownFileType = sourcecode.swift; path = ProfileVC.swift; sourceTree = "<group>"; };
		19B53A291F3AA7EF008CBA69 /* ProfileVC.xib */ = {isa = PBXFileReference; fileEncoding = 4; lastKnownFileType = file.xib; path = ProfileVC.xib; sourceTree = "<group>"; };
		19CE46BC1F353A6600D8CCF3 /* UserDataService.swift */ = {isa = PBXFileReference; fileEncoding = 4; lastKnownFileType = sourcecode.swift; path = UserDataService.swift; sourceTree = "<group>"; };
		19CE46BE1F3552FC00D8CCF3 /* AvatarPickerVC.swift */ = {isa = PBXFileReference; fileEncoding = 4; lastKnownFileType = sourcecode.swift; path = AvatarPickerVC.swift; sourceTree = "<group>"; };
		19CE46C01F3556F300D8CCF3 /* AvatarCell.swift */ = {isa = PBXFileReference; fileEncoding = 4; lastKnownFileType = sourcecode.swift; path = AvatarCell.swift; sourceTree = "<group>"; };
		19CE46C21F35680900D8CCF3 /* CirlceImage.swift */ = {isa = PBXFileReference; fileEncoding = 4; lastKnownFileType = sourcecode.swift; path = CirlceImage.swift; sourceTree = "<group>"; };
		19E19AAF1F33FFD400A2A2B8 /* AuthService.swift */ = {isa = PBXFileReference; fileEncoding = 4; lastKnownFileType = sourcecode.swift; path = AuthService.swift; sourceTree = "<group>"; };
		19E19AB11F3413A700A2A2B8 /* RoundedButton.swift */ = {isa = PBXFileReference; fileEncoding = 4; lastKnownFileType = sourcecode.swift; path = RoundedButton.swift; sourceTree = "<group>"; };
		19E42BAE1F4272CB00CE4203 /* MessageCell.swift */ = {isa = PBXFileReference; fileEncoding = 4; lastKnownFileType = sourcecode.swift; path = MessageCell.swift; sourceTree = "<group>"; };
		8219B07377F341FA2B2EF1B4 /* Pods_Smack.framework */ = {isa = PBXFileReference; explicitFileType = wrapper.framework; includeInIndex = 0; path = Pods_Smack.framework; sourceTree = BUILT_PRODUCTS_DIR; };
		CE3BD01388C82005591D1298 /* Pods-Smack.debug.xcconfig */ = {isa = PBXFileReference; includeInIndex = 1; lastKnownFileType = text.xcconfig; name = "Pods-Smack.debug.xcconfig"; path = "Pods/Target Support Files/Pods-Smack/Pods-Smack.debug.xcconfig"; sourceTree = "<group>"; };
/* End PBXFileReference section */

/* Begin PBXFrameworksBuildPhase section */
		1926032B1F2EF12200DA9556 /* Frameworks */ = {
			isa = PBXFrameworksBuildPhase;
			buildActionMask = 2147483647;
			files = (
				55E2F519D80F813833734088 /* Pods_Smack.framework in Frameworks */,
			);
			runOnlyForDeploymentPostprocessing = 0;
		};
/* End PBXFrameworksBuildPhase section */

/* Begin PBXGroup section */
		192603251F2EF12200DA9556 = {
			isa = PBXGroup;
			children = (
				192603301F2EF12200DA9556 /* Smack */,
				1926032F1F2EF12200DA9556 /* Products */,
				25AFACC0B4491011FE3AA880 /* Pods */,
				9B71FFD795CA1ADE0BF059C3 /* Frameworks */,
			);
			sourceTree = "<group>";
		};
		1926032F1F2EF12200DA9556 /* Products */ = {
			isa = PBXGroup;
			children = (
				1926032E1F2EF12200DA9556 /* Smack.app */,
			);
			name = Products;
			sourceTree = "<group>";
		};
		192603301F2EF12200DA9556 /* Smack */ = {
			isa = PBXGroup;
			children = (
				193A0FEC1F3D3FC70099EE81 /* Model */,
				19B53A2C1F3AA82E008CBA69 /* xibs */,
				19E19AAE1F33FFB600A2A2B8 /* Services */,
				19386CC61F316AA800D6FC51 /* Utilities */,
				193FA7271F302EDB00C6BCA6 /* View */,
				193FA7261F302ED200C6BCA6 /* Controller */,
				198CE45F1F2EFE79003BF487 /* Supporting Files */,
				192603311F2EF12200DA9556 /* AppDelegate.swift */,
				192603351F2EF12200DA9556 /* Main.storyboard */,
				192603381F2EF12200DA9556 /* Assets.xcassets */,
				1926033A1F2EF12200DA9556 /* LaunchScreen.storyboard */,
				1926033D1F2EF12200DA9556 /* Info.plist */,
			);
			path = Smack;
			sourceTree = "<group>";
		};
		19386CC61F316AA800D6FC51 /* Utilities */ = {
			isa = PBXGroup;
			children = (
				19386CC71F316AC100D6FC51 /* Constants.swift */,
			);
			name = Utilities;
			sourceTree = "<group>";
		};
		193A0FEC1F3D3FC70099EE81 /* Model */ = {
			isa = PBXGroup;
			children = (
				193A0FED1F3D3FE80099EE81 /* Channel.swift */,
				191C6E011F414A84000CEB72 /* Message.swift */,
			);
			name = Model;
			sourceTree = "<group>";
		};
		193FA7261F302ED200C6BCA6 /* Controller */ = {
			isa = PBXGroup;
			children = (
				193FA7291F302F0200C6BCA6 /* ChatVC.swift */,
				193FA72B1F302F1800C6BCA6 /* ChannelVC.swift */,
				19386CC91F31705300D6FC51 /* LoginVC.swift */,
				19386CCB1F31725000D6FC51 /* CreateAccountVC.swift */,
				19CE46BE1F3552FC00D8CCF3 /* AvatarPickerVC.swift */,
				19B53A281F3AA7EF008CBA69 /* ProfileVC.swift */,
				191C6DFB1F41199F000CEB72 /* AddChannelVC.swift */,
			);
			name = Controller;
			sourceTree = "<group>";
		};
		193FA7271F302EDB00C6BCA6 /* View */ = {
			isa = PBXGroup;
			children = (
				191C6E031F4156EC000CEB72 /* KeyboardBoundView.swift */,
				19386CC41F31575100D6FC51 /* GradientView.swift */,
				19E19AB11F3413A700A2A2B8 /* RoundedButton.swift */,
				19CE46C01F3556F300D8CCF3 /* AvatarCell.swift */,
				19CE46C21F35680900D8CCF3 /* CirlceImage.swift */,
				193A0FEF1F3D4B670099EE81 /* ChannelCell.swift */,
				19E42BAE1F4272CB00CE4203 /* MessageCell.swift */,
			);
			name = View;
			sourceTree = "<group>";
		};
		198CE45F1F2EFE79003BF487 /* Supporting Files */ = {
			isa = PBXGroup;
			children = (
				198CE4611F2EFEAC003BF487 /* SWRevealViewController.h */,
				198CE4621F2EFEAC003BF487 /* SWRevealViewController.m */,
				198CE4601F2EFEAB003BF487 /* Smack-Bridging-Header.h */,
			);
			name = "Supporting Files";
			path = ..;
			sourceTree = "<group>";
		};
		19B53A2C1F3AA82E008CBA69 /* xibs */ = {
			isa = PBXGroup;
			children = (
				191C6DFC1F41199F000CEB72 /* AddChannelVC.xib */,
				19B53A291F3AA7EF008CBA69 /* ProfileVC.xib */,
			);
			name = xibs;
			sourceTree = "<group>";
		};
		19E19AAE1F33FFB600A2A2B8 /* Services */ = {
			isa = PBXGroup;
			children = (
				19E19AAF1F33FFD400A2A2B8 /* AuthService.swift */,
				19CE46BC1F353A6600D8CCF3 /* UserDataService.swift */,
				193A0FEA1F3D3F960099EE81 /* MessageService.swift */,
				191C6DFF1F4122B2000CEB72 /* SocketService.swift */,
			);
			name = Services;
			sourceTree = "<group>";
		};
		25AFACC0B4491011FE3AA880 /* Pods */ = {
			isa = PBXGroup;
			children = (
				CE3BD01388C82005591D1298 /* Pods-Smack.debug.xcconfig */,
				04F3A68831C1E4ED692CE410 /* Pods-Smack.release.xcconfig */,
			);
			name = Pods;
			sourceTree = "<group>";
		};
		9B71FFD795CA1ADE0BF059C3 /* Frameworks */ = {
			isa = PBXGroup;
			children = (
				8219B07377F341FA2B2EF1B4 /* Pods_Smack.framework */,
			);
			name = Frameworks;
			sourceTree = "<group>";
		};
/* End PBXGroup section */

/* Begin PBXNativeTarget section */
		1926032D1F2EF12200DA9556 /* Smack */ = {
			isa = PBXNativeTarget;
			buildConfigurationList = 192603401F2EF12200DA9556 /* Build configuration list for PBXNativeTarget "Smack" */;
			buildPhases = (
				695BC225F4B28DD8E3BCAC90 /* [CP] Check Pods Manifest.lock */,
				1926032A1F2EF12200DA9556 /* Sources */,
				1926032B1F2EF12200DA9556 /* Frameworks */,
				1926032C1F2EF12200DA9556 /* Resources */,
				F7AFDC8C934CAD77C91A6E0D /* [CP] Embed Pods Frameworks */,
				7E34FFABD5249BCA766FB2CA /* [CP] Copy Pods Resources */,
			);
			buildRules = (
			);
			dependencies = (
			);
			name = Smack;
			productName = Smack;
			productReference = 1926032E1F2EF12200DA9556 /* Smack.app */;
			productType = "com.apple.product-type.application";
		};
/* End PBXNativeTarget section */

/* Begin PBXProject section */
		192603261F2EF12200DA9556 /* Project object */ = {
			isa = PBXProject;
			attributes = {
				LastSwiftUpdateCheck = 0830;
				LastUpgradeCheck = 0830;
				ORGANIZATIONNAME = "Chris McDonald";
				TargetAttributes = {
					1926032D1F2EF12200DA9556 = {
						CreatedOnToolsVersion = 8.3.2;
						DevelopmentTeam = E8W6XDS66Q;
						LastSwiftMigration = 0830;
						ProvisioningStyle = Automatic;
					};
				};
			};
			buildConfigurationList = 192603291F2EF12200DA9556 /* Build configuration list for PBXProject "Smack" */;
			compatibilityVersion = "Xcode 3.2";
			developmentRegion = English;
			hasScannedForEncodings = 0;
			knownRegions = (
				en,
				Base,
			);
			mainGroup = 192603251F2EF12200DA9556;
			productRefGroup = 1926032F1F2EF12200DA9556 /* Products */;
			projectDirPath = "";
			projectRoot = "";
			targets = (
				1926032D1F2EF12200DA9556 /* Smack */,
			);
		};
/* End PBXProject section */

/* Begin PBXResourcesBuildPhase section */
		1926032C1F2EF12200DA9556 /* Resources */ = {
			isa = PBXResourcesBuildPhase;
			buildActionMask = 2147483647;
			files = (
				191C6DFE1F41199F000CEB72 /* AddChannelVC.xib in Resources */,
				19B53A2B1F3AA7EF008CBA69 /* ProfileVC.xib in Resources */,
				1926033C1F2EF12200DA9556 /* LaunchScreen.storyboard in Resources */,
				192603391F2EF12200DA9556 /* Assets.xcassets in Resources */,
				192603371F2EF12200DA9556 /* Main.storyboard in Resources */,
			);
			runOnlyForDeploymentPostprocessing = 0;
		};
/* End PBXResourcesBuildPhase section */

/* Begin PBXShellScriptBuildPhase section */
		695BC225F4B28DD8E3BCAC90 /* [CP] Check Pods Manifest.lock */ = {
			isa = PBXShellScriptBuildPhase;
			buildActionMask = 2147483647;
			files = (
			);
			inputPaths = (
			);
			name = "[CP] Check Pods Manifest.lock";
			outputPaths = (
			);
			runOnlyForDeploymentPostprocessing = 0;
			shellPath = /bin/sh;
			shellScript = "diff \"${PODS_ROOT}/../Podfile.lock\" \"${PODS_ROOT}/Manifest.lock\" > /dev/null\nif [ $? != 0 ] ; then\n    # print error to STDERR\n    echo \"error: The sandbox is not in sync with the Podfile.lock. Run 'pod install' or update your CocoaPods installation.\" >&2\n    exit 1\nfi\n";
			showEnvVarsInLog = 0;
		};
		7E34FFABD5249BCA766FB2CA /* [CP] Copy Pods Resources */ = {
			isa = PBXShellScriptBuildPhase;
			buildActionMask = 2147483647;
			files = (
			);
			inputPaths = (
			);
			name = "[CP] Copy Pods Resources";
			outputPaths = (
			);
			runOnlyForDeploymentPostprocessing = 0;
			shellPath = /bin/sh;
			shellScript = "\"${SRCROOT}/Pods/Target Support Files/Pods-Smack/Pods-Smack-resources.sh\"\n";
			showEnvVarsInLog = 0;
		};
		F7AFDC8C934CAD77C91A6E0D /* [CP] Embed Pods Frameworks */ = {
			isa = PBXShellScriptBuildPhase;
			buildActionMask = 2147483647;
			files = (
			);
			inputPaths = (
			);
			name = "[CP] Embed Pods Frameworks";
			outputPaths = (
			);
			runOnlyForDeploymentPostprocessing = 0;
			shellPath = /bin/sh;
			shellScript = "\"${SRCROOT}/Pods/Target Support Files/Pods-Smack/Pods-Smack-frameworks.sh\"\n";
			showEnvVarsInLog = 0;
		};
/* End PBXShellScriptBuildPhase section */

/* Begin PBXSourcesBuildPhase section */
		1926032A1F2EF12200DA9556 /* Sources */ = {
			isa = PBXSourcesBuildPhase;
			buildActionMask = 2147483647;
			files = (
				191C6E041F4156EC000CEB72 /* KeyboardBoundView.swift in Sources */,
				191C6E001F4122B2000CEB72 /* SocketService.swift in Sources */,
				19B53A2A1F3AA7EF008CBA69 /* ProfileVC.swift in Sources */,
				193A0FF01F3D4B670099EE81 /* ChannelCell.swift in Sources */,
				193FA72C1F302F1800C6BCA6 /* ChannelVC.swift in Sources */,
				19CE46BF1F3552FC00D8CCF3 /* AvatarPickerVC.swift in Sources */,
				19E42BAF1F4272CB00CE4203 /* MessageCell.swift in Sources */,
				19E19AB21F3413A700A2A2B8 /* RoundedButton.swift in Sources */,
				191C6E021F414A84000CEB72 /* Message.swift in Sources */,
				193A0FEE1F3D3FE80099EE81 /* Channel.swift in Sources */,
				192603321F2EF12200DA9556 /* AppDelegate.swift in Sources */,
				193A0FEB1F3D3F960099EE81 /* MessageService.swift in Sources */,
				19386CCC1F31725000D6FC51 /* CreateAccountVC.swift in Sources */,
				19E19AB01F33FFD400A2A2B8 /* AuthService.swift in Sources */,
				19386CC51F31575100D6FC51 /* GradientView.swift in Sources */,
				19CE46C31F35680900D8CCF3 /* CirlceImage.swift in Sources */,
				19386CCA1F31705300D6FC51 /* LoginVC.swift in Sources */,
				191C6DFD1F41199F000CEB72 /* AddChannelVC.swift in Sources */,
				193FA72A1F302F0200C6BCA6 /* ChatVC.swift in Sources */,
				19CE46C11F3556F300D8CCF3 /* AvatarCell.swift in Sources */,
				198CE4631F2EFEAC003BF487 /* SWRevealViewController.m in Sources */,
				19CE46BD1F353A6600D8CCF3 /* UserDataService.swift in Sources */,
				19386CC81F316AC100D6FC51 /* Constants.swift in Sources */,
			);
			runOnlyForDeploymentPostprocessing = 0;
		};
/* End PBXSourcesBuildPhase section */

/* Begin PBXVariantGroup section */
		192603351F2EF12200DA9556 /* Main.storyboard */ = {
			isa = PBXVariantGroup;
			children = (
				192603361F2EF12200DA9556 /* Base */,
			);
			name = Main.storyboard;
			sourceTree = "<group>";
		};
		1926033A1F2EF12200DA9556 /* LaunchScreen.storyboard */ = {
			isa = PBXVariantGroup;
			children = (
				1926033B1F2EF12200DA9556 /* Base */,
			);
			name = LaunchScreen.storyboard;
			sourceTree = "<group>";
		};
/* End PBXVariantGroup section */

/* Begin XCBuildConfiguration section */
		1926033E1F2EF12200DA9556 /* Debug */ = {
			isa = XCBuildConfiguration;
			buildSettings = {
				ALWAYS_SEARCH_USER_PATHS = NO;
				CLANG_ANALYZER_NONNULL = YES;
				CLANG_ANALYZER_NUMBER_OBJECT_CONVERSION = YES_AGGRESSIVE;
				CLANG_CXX_LANGUAGE_STANDARD = "gnu++0x";
				CLANG_CXX_LIBRARY = "libc++";
				CLANG_ENABLE_MODULES = YES;
				CLANG_ENABLE_OBJC_ARC = YES;
				CLANG_WARN_BOOL_CONVERSION = YES;
				CLANG_WARN_CONSTANT_CONVERSION = YES;
				CLANG_WARN_DIRECT_OBJC_ISA_USAGE = YES_ERROR;
				CLANG_WARN_DOCUMENTATION_COMMENTS = YES;
				CLANG_WARN_EMPTY_BODY = YES;
				CLANG_WARN_ENUM_CONVERSION = YES;
				CLANG_WARN_INFINITE_RECURSION = YES;
				CLANG_WARN_INT_CONVERSION = YES;
				CLANG_WARN_OBJC_ROOT_CLASS = YES_ERROR;
				CLANG_WARN_SUSPICIOUS_MOVE = YES;
				CLANG_WARN_UNREACHABLE_CODE = YES;
				CLANG_WARN__DUPLICATE_METHOD_MATCH = YES;
				"CODE_SIGN_IDENTITY[sdk=iphoneos*]" = "iPhone Developer";
				COPY_PHASE_STRIP = NO;
				DEBUG_INFORMATION_FORMAT = dwarf;
				ENABLE_STRICT_OBJC_MSGSEND = YES;
				ENABLE_TESTABILITY = YES;
				GCC_C_LANGUAGE_STANDARD = gnu99;
				GCC_DYNAMIC_NO_PIC = NO;
				GCC_NO_COMMON_BLOCKS = YES;
				GCC_OPTIMIZATION_LEVEL = 0;
				GCC_PREPROCESSOR_DEFINITIONS = (
					"DEBUG=1",
					"$(inherited)",
				);
				GCC_WARN_64_TO_32_BIT_CONVERSION = YES;
				GCC_WARN_ABOUT_RETURN_TYPE = YES_ERROR;
				GCC_WARN_UNDECLARED_SELECTOR = YES;
				GCC_WARN_UNINITIALIZED_AUTOS = YES_AGGRESSIVE;
				GCC_WARN_UNUSED_FUNCTION = YES;
				GCC_WARN_UNUSED_VARIABLE = YES;
				IPHONEOS_DEPLOYMENT_TARGET = 10.3;
				MTL_ENABLE_DEBUG_INFO = YES;
				ONLY_ACTIVE_ARCH = YES;
				SDKROOT = iphoneos;
				SWIFT_ACTIVE_COMPILATION_CONDITIONS = DEBUG;
				SWIFT_OPTIMIZATION_LEVEL = "-Onone";
			};
			name = Debug;
		};
		1926033F1F2EF12200DA9556 /* Release */ = {
			isa = XCBuildConfiguration;
			buildSettings = {
				ALWAYS_SEARCH_USER_PATHS = NO;
				CLANG_ANALYZER_NONNULL = YES;
				CLANG_ANALYZER_NUMBER_OBJECT_CONVERSION = YES_AGGRESSIVE;
				CLANG_CXX_LANGUAGE_STANDARD = "gnu++0x";
				CLANG_CXX_LIBRARY = "libc++";
				CLANG_ENABLE_MODULES = YES;
				CLANG_ENABLE_OBJC_ARC = YES;
				CLANG_WARN_BOOL_CONVERSION = YES;
				CLANG_WARN_CONSTANT_CONVERSION = YES;
				CLANG_WARN_DIRECT_OBJC_ISA_USAGE = YES_ERROR;
				CLANG_WARN_DOCUMENTATION_COMMENTS = YES;
				CLANG_WARN_EMPTY_BODY = YES;
				CLANG_WARN_ENUM_CONVERSION = YES;
				CLANG_WARN_INFINITE_RECURSION = YES;
				CLANG_WARN_INT_CONVERSION = YES;
				CLANG_WARN_OBJC_ROOT_CLASS = YES_ERROR;
				CLANG_WARN_SUSPICIOUS_MOVE = YES;
				CLANG_WARN_UNREACHABLE_CODE = YES;
				CLANG_WARN__DUPLICATE_METHOD_MATCH = YES;
				"CODE_SIGN_IDENTITY[sdk=iphoneos*]" = "iPhone Developer";
				COPY_PHASE_STRIP = NO;
				DEBUG_INFORMATION_FORMAT = "dwarf-with-dsym";
				ENABLE_NS_ASSERTIONS = NO;
				ENABLE_STRICT_OBJC_MSGSEND = YES;
				GCC_C_LANGUAGE_STANDARD = gnu99;
				GCC_NO_COMMON_BLOCKS = YES;
				GCC_WARN_64_TO_32_BIT_CONVERSION = YES;
				GCC_WARN_ABOUT_RETURN_TYPE = YES_ERROR;
				GCC_WARN_UNDECLARED_SELECTOR = YES;
				GCC_WARN_UNINITIALIZED_AUTOS = YES_AGGRESSIVE;
				GCC_WARN_UNUSED_FUNCTION = YES;
				GCC_WARN_UNUSED_VARIABLE = YES;
				IPHONEOS_DEPLOYMENT_TARGET = 10.3;
				MTL_ENABLE_DEBUG_INFO = NO;
				SDKROOT = iphoneos;
				SWIFT_OPTIMIZATION_LEVEL = "-Owholemodule";
				VALIDATE_PRODUCT = YES;
			};
			name = Release;
		};
		192603411F2EF12200DA9556 /* Debug */ = {
			isa = XCBuildConfiguration;
			baseConfigurationReference = CE3BD01388C82005591D1298 /* Pods-Smack.debug.xcconfig */;
			buildSettings = {
				ASSETCATALOG_COMPILER_APPICON_NAME = AppIcon;
				CLANG_ENABLE_MODULES = YES;
				DEVELOPMENT_TEAM = E8W6XDS66Q;
				INFOPLIST_FILE = Smack/Info.plist;
				LD_RUNPATH_SEARCH_PATHS = "$(inherited) @executable_path/Frameworks";
				PRODUCT_BUNDLE_IDENTIFIER = "Chris-McDonald.Smack";
				PRODUCT_NAME = "$(TARGET_NAME)";
				SWIFT_OBJC_BRIDGING_HEADER = "Smack-Bridging-Header.h";
				SWIFT_OPTIMIZATION_LEVEL = "-Onone";
				SWIFT_VERSION = 3.0;
			};
			name = Debug;
		};
		192603421F2EF12200DA9556 /* Release */ = {
			isa = XCBuildConfiguration;
			baseConfigurationReference = 04F3A68831C1E4ED692CE410 /* Pods-Smack.release.xcconfig */;
			buildSettings = {
				ASSETCATALOG_COMPILER_APPICON_NAME = AppIcon;
				CLANG_ENABLE_MODULES = YES;
				DEVELOPMENT_TEAM = E8W6XDS66Q;
				INFOPLIST_FILE = Smack/Info.plist;
				LD_RUNPATH_SEARCH_PATHS = "$(inherited) @executable_path/Frameworks";
				PRODUCT_BUNDLE_IDENTIFIER = "Chris-McDonald.Smack";
				PRODUCT_NAME = "$(TARGET_NAME)";
				SWIFT_OBJC_BRIDGING_HEADER = "Smack-Bridging-Header.h";
				SWIFT_VERSION = 3.0;
			};
			name = Release;
		};
/* End XCBuildConfiguration section */

/* Begin XCConfigurationList section */
		192603291F2EF12200DA9556 /* Build configuration list for PBXProject "Smack" */ = {
			isa = XCConfigurationList;
			buildConfigurations = (
				1926033E1F2EF12200DA9556 /* Debug */,
				1926033F1F2EF12200DA9556 /* Release */,
			);
			defaultConfigurationIsVisible = 0;
			defaultConfigurationName = Release;
		};
		192603401F2EF12200DA9556 /* Build configuration list for PBXNativeTarget "Smack" */ = {
			isa = XCConfigurationList;
			buildConfigurations = (
				192603411F2EF12200DA9556 /* Debug */,
				192603421F2EF12200DA9556 /* Release */,
			);
			defaultConfigurationIsVisible = 0;
			defaultConfigurationName = Release;
		};
/* End XCConfigurationList section */
	};
	rootObject = 192603261F2EF12200DA9556 /* Project object */;
}
